<?xml version="1.0" encoding="utf-8"?>
<Project ToolsVersion="4.0" xmlns="http://schemas.microsoft.com/developer/msbuild/2003">
  <ItemGroup>
    <ClCompile Include="courses\5\32.cpp" />
    <ClCompile Include="courses\5\33.cpp" />
    <ClCompile Include="courses\5\34.cpp" />
    <ClCompile Include="courses\5\35.cpp" />
    <ClCompile Include="courses\5\36.cpp" />
    <ClCompile Include="courses\5\37.cpp" />
    <ClCompile Include="courses\5\38.cpp" />
    <ClCompile Include="courses\5\39.cpp" />
    <ClCompile Include="courses\5\40.cpp" />
    <ClCompile Include="courses\5\41.cpp" />
    <ClCompile Include="courses\5\42.cpp" />
    <ClCompile Include="courses\5\43.cpp" />
    <ClCompile Include="courses\5\44.cpp" />
    <ClCompile Include="courses\5\45.cpp" />
    <ClCompile Include="courses\5\46.cpp" />
    <ClCompile Include="courses\5\47.cpp" />
    <ClCompile Include="courses\5\48.cpp" />
    <ClCompile Include="courses\5\49.cpp" />
    <ClCompile Include="courses\5\50.cpp" />
    <ClCompile Include="courses\5\1.cpp" />
    <ClCompile Include="courses\5\10.cpp" />
    <ClCompile Include="courses\5\11.cpp" />
    <ClCompile Include="courses\5\12.cpp" />
    <ClCompile Include="courses\5\13.cpp" />
    <ClCompile Include="courses\5\14.cpp" />
    <ClCompile Include="courses\5\15.cpp" />
    <ClCompile Include="courses\5\16.cpp" />
    <ClCompile Include="courses\5\18.cpp" />
    <ClCompile Include="courses\5\19.cpp" />
    <ClCompile Include="courses\5\2.cpp" />
    <ClCompile Include="courses\5\20.cpp" />
    <ClCompile Include="courses\5\21.cpp" />
    <ClCompile Include="courses\5\22.cpp" />
    <ClCompile Include="courses\5\23.cpp" />
    <ClCompile Include="courses\5\24.cpp" />
    <ClCompile Include="courses\5\25.cpp" />
    <ClCompile Include="courses\5\26.cpp" />
    <ClCompile Include="courses\5\27.cpp" />
    <ClCompile Include="courses\5\28.cpp" />
    <ClCompile Include="courses\5\29.cpp" />
    <ClCompile Include="courses\5\3.cpp" />
    <ClCompile Include="courses\5\30.cpp" />
    <ClCompile Include="courses\5\31.cpp" />
    <ClCompile Include="courses\5\4.cpp" />
    <ClCompile Include="courses\5\5.cpp" />
    <ClCompile Include="courses\5\6.cpp" />
    <ClCompile Include="courses\5\7.cpp" />
    <ClCompile Include="courses\5\8.cpp" />
    <ClCompile Include="courses\5\9.cpp" />
    <ClCompile Include="courses\5\17.cpp" />
    <ClCompile Include="courses\5\Projects\project_1.cpp" />
    <ClCompile Include="courses\5\Projects\project_2.cpp" />
    <ClCompile Include="courses\6\1.cpp" />
    <ClCompile Include="courses\6\2.cpp" />
    <ClCompile Include="courses\6\3.cpp" />
    <ClCompile Include="courses\6\4.cpp" />
    <ClCompile Include="courses\6\5.cpp" />
    <ClCompile Include="courses\6\6.cpp" />
    <ClCompile Include="courses\6\7.cpp" />
    <ClCompile Include="courses\6\8.cpp" />
    <ClCompile Include="courses\6\9.cpp" />
    <ClCompile Include="courses\6\10.cpp" />
    <ClCompile Include="courses\6\11.cpp" />
    <ClCompile Include="courses\6\12.cpp" />
    <ClCompile Include="courses\6\13.cpp" />
    <ClCompile Include="courses\6\14.cpp" />
    <ClCompile Include="courses\6\15.cpp" />
    <ClCompile Include="courses\6\16.cpp" />
    <ClCompile Include="courses\6\17.cpp" />
  </ItemGroup>
  <ItemGroup>
    <ClInclude Include="Libs\NumbersLib.h" />
  </ItemGroup>
</Project>